
Microsoft Visual Studio Solution File, Format Version 12.00
# Visual Studio 15
VisualStudioVersion = 15.0.27428.2015
MinimumVisualStudioVersion = 10.0.40219.1
Project("{FAE04EC0-301F-11D3-BF4B-00C04F79EFBC}") = "DutchTreat", "DutchTreat\DutchTreat.csproj", "{C610485E-2E16-4ADE-B8A5-19F63ADBCFA9}"
EndProject
Global
	GlobalSection(SolutionConfigurationPlatforms) = preSolution
		Debug|Any CPU = Debug|Any CPU
		Release|Any CPU = Release|Any CPU
	EndGlobalSection
	GlobalSection(ProjectConfigurationPlatforms) = postSolution
		{C610485E-2E16-4ADE-B8A5-19F63ADBCFA9}.Debug|Any CPU.ActiveCfg = Debug|Any CPU
		{C610485E-2E16-4ADE-B8A5-19F63ADBCFA9}.Debug|Any CPU.Build.0 = Debug|Any CPU
		{C610485E-2E16-4ADE-B8A5-19F63ADBCFA9}.Release|Any CPU.ActiveCfg = Release|Any CPU
		{C610485E-2E16-4ADE-B8A5-19F63ADBCFA9}.Release|Any CPU.Build.0 = Release|Any CPU
	EndGlobalSection
	GlobalSection(SolutionProperties) = preSolution
		HideSolutionNode = FALSE
	EndGlobalSection
	GlobalSection(ExtensibilityGlobals) = postSolution
		SolutionGuid = {B360E139-8407-4ED7-87EE-568E0F6BC39B}
	EndGlobalSection
EndGlobal
